
Microsoft Visual Studio Solution File, Format Version 12.00
# Visual Studio 15
VisualStudioVersion = 15.0.28010.2048
MinimumVisualStudioVersion = 10.0.40219.1
Project("{FAE04EC0-301F-11D3-BF4B-00C04F79EFBC}") = "ConsoleApp11", "ConsoleApp11\ConsoleApp11.csproj", "{18AC1CDF-E6FB-4A3D-A87D-128211DD7A06}"
EndProject
Global
	GlobalSection(SolutionConfigurationPlatforms) = preSolution
		Debug|Any CPU = Debug|Any CPU
		Release|Any CPU = Release|Any CPU
	EndGlobalSection
	GlobalSection(ProjectConfigurationPlatforms) = postSolution
		{18AC1CDF-E6FB-4A3D-A87D-128211DD7A06}.Debug|Any CPU.ActiveCfg = Debug|Any CPU
		{18AC1CDF-E6FB-4A3D-A87D-128211DD7A06}.Debug|Any CPU.Build.0 = Debug|Any CPU
		{18AC1CDF-E6FB-4A3D-A87D-128211DD7A06}.Release|Any CPU.ActiveCfg = Release|Any CPU
		{18AC1CDF-E6FB-4A3D-A87D-128211DD7A06}.Release|Any CPU.Build.0 = Release|Any CPU
	EndGlobalSection
	GlobalSection(SolutionProperties) = preSolution
		HideSolutionNode = FALSE
	EndGlobalSection
	GlobalSection(ExtensibilityGlobals) = postSolution
		SolutionGuid = {8ED81AA7-A071-432E-8F9C-106C0F6529FC}
	EndGlobalSection
EndGlobal
